hash: 8269c4f7a4a232698436da22367e868afe31fa301966f4e067efc1ed803a1012
updated: 2017-01-30T19:58:27.042352745-08:00
imports:
- name: github.com/denisenkom/go-mssqldb
  version: aa91b9def474faafb2406c8b562ae1e0e1f89ea4
- name: github.com/goware/httpcoala
  version: bb21916a3e9c5e04ed0615ba66e120302d2e552b
- name: github.com/joeshaw/envdecode
  version: 32118ea5f56d5358408e78d150be1843a695e35c
- name: github.com/joho/godotenv
  version: a01a834e1654b4c9ca5b3ad05159445cc9c7ad08
  subpackages:
  - autoload
- name: github.com/pkg/errors
  version: 645ef00459ed84a119197bfb8d8205042c6df63d
- name: github.com/pressly/chi
  version: 54f435d539226571eab1987ed862b1c0fdfdc892
  subpackages:
  - docgen
  - middleware
  - render
- name: github.com/russross/blackfriday
  version: 0b647d0506a698cca42caca173e55559b12a69f2
- name: github.com/shurcooL/sanitized_anchor_name
  version: 1dba4b3954bc059efc3991ec364f9f9a35f597d2
testImports:
- name: github.com/gopherjs/gopherjs
  version: 50101461d59f26b13c876f57aab314ce55387671
  subpackages:
  - js
- name: github.com/jtolds/gls
  version: 8ddce2a84170772b95dd5d576c48d517b22cac63
- name: github.com/smartystreets/assertions
  version: 2063fd1cc7c975db70502811a34b06ad034ccdf2
  subpackages:
  - internal/go-render/render
  - internal/oglematchers
- name: github.com/smartystreets/goconvey
  version: d4c757aa9afd1e2fc1832aaab209b5794eb336e1
  subpackages:
  - convey
  - convey/gotest
  - convey/reporting
