hash: 6a63d9fc477c0625e17e90765d9d1e5299a1b1b17cc3dfc49c338d2d4348ffe2
updated: 2017-01-12T06:56:21.493195962-08:00
imports:
- name: github.com/denisenkom/go-mssqldb
  version: aa91b9def474faafb2406c8b562ae1e0e1f89ea4
- name: github.com/gin-gonic/gin
  version: ac0ad2fed865d40a0adc1ac3ccaadc3acff5db4b
  subpackages:
  - binding
  - render
- name: github.com/goware/httpcoala
  version: bb21916a3e9c5e04ed0615ba66e120302d2e552b
- name: github.com/joeshaw/envdecode
  version: 32118ea5f56d5358408e78d150be1843a695e35c
- name: github.com/joho/godotenv
  version: a01a834e1654b4c9ca5b3ad05159445cc9c7ad08
  subpackages:
  - autoload
- name: github.com/julienschmidt/httprouter
  version: 999ba04938b528fb4fb859231ee929958b8db4a6
- name: github.com/mattn/go-colorable
  version: 043ae16291351db8465272edf465c9f388161627
- name: github.com/mattn/go-isatty
  version: 30a891c33c7cde7b02a981314b4228ec99380cca
- name: github.com/pressly/chi
  version: 54f435d539226571eab1987ed862b1c0fdfdc892
  subpackages:
  - docgen
  - middleware
  - render
- name: github.com/russross/blackfriday
  version: 0b647d0506a698cca42caca173e55559b12a69f2
- name: github.com/shurcooL/sanitized_anchor_name
  version: 1dba4b3954bc059efc3991ec364f9f9a35f597d2
- name: golang.org/x/crypto
  version: 9b1a210a06ea1176ec1f0a1ddf83ad7463b8ea3e
  subpackages:
  - md4
- name: golang.org/x/net
  version: f315505cf3349909cdf013ea56690da34e96a451
  subpackages:
  - context
- name: golang.org/x/sys
  version: d75a52659825e75fff6158388dddc6a5b04f9ba5
  subpackages:
  - unix
- name: gopkg.in/joeybloggs/go-validate-yourself.v4
  version: a3cb430fa1e43b15e72d7bec5b20d0bdff4c2bb8
testImports:
- name: github.com/gopherjs/gopherjs
  version: 50101461d59f26b13c876f57aab314ce55387671
  subpackages:
  - js
- name: github.com/jtolds/gls
  version: 8ddce2a84170772b95dd5d576c48d517b22cac63
- name: github.com/smartystreets/assertions
  version: 2063fd1cc7c975db70502811a34b06ad034ccdf2
  subpackages:
  - internal/go-render/render
  - internal/oglematchers
- name: github.com/smartystreets/goconvey
  version: d4c757aa9afd1e2fc1832aaab209b5794eb336e1
  subpackages:
  - convey
  - convey/gotest
  - convey/reporting
